<Solution>
  <Folder Name="/src/">
    <Project Path="src/Wander.Api/Wander.Api.csproj" />
    <Project Path="src/Wander.Client/Wander.Client.csproj" />
  </Folder>
  <Folder Name="/tests/">
    <Project Path="tests/Wander.Tests/Wander.Tests.csproj" />
    <Project Path="tests/Wander.Client.Tests/Wander.Client.Tests.csproj" />
    <Project Path="tests/Wander.E2E/Wander.E2E.csproj" />
  </Folder>
</Solution>
